
Microsoft Visual Studio Solution File, Format Version 12.00
# Visual Studio 2013
VisualStudioVersion = 12.0.21005.1
MinimumVisualStudioVersion = 10.0.40219.1
Project("{2150E333-8FDC-42A3-9474-1A3956D46DE8}") = "TestApplications", "TestApplications", "{497352CC-C723-4C61-8FD8-334DD58B1531}"
EndProject
Project("{2150E333-8FDC-42A3-9474-1A3956D46DE8}") = "TSPClustering", "TSPClustering", "{F7FE7226-C8B9-4C99-A854-8C0CA40F8270}"
EndProject
Project("{FAE04EC0-301F-11D3-BF4B-00C04F79EFBC}") = "Clustering", "..\TSPClustering\Clustering\Clustering.csproj", "{1B57B009-C8B9-47F0-A64A-D3B1670B7DB2}"
EndProject
Project("{FAE04EC0-301F-11D3-BF4B-00C04F79EFBC}") = "CostFunction", "..\TSPClustering\CostFunction\CostFunction.csproj", "{1030A05B-65BB-4B81-B1C3-877537442E2C}"
EndProject
Project("{FAE04EC0-301F-11D3-BF4B-00C04F79EFBC}") = "Iteration", "..\TSPClustering\Iteration\Iteration.csproj", "{4516AABF-1F51-4ACF-B573-1EA34472CC09}"
EndProject
Project("{FAE04EC0-301F-11D3-BF4B-00C04F79EFBC}") = "Validation", "..\TSPClustering\Validation\Validation.csproj", "{14070967-45B9-4A8C-AD76-3585A8CB6487}"
EndProject
Project("{FAE04EC0-301F-11D3-BF4B-00C04F79EFBC}") = "TSP Clustering POC", "WindowsFormsApplication1\TSP Clustering POC.csproj", "{3CF3B8BA-EB14-439F-9E60-3FC6F20A3005}"
EndProject
Project("{FAE04EC0-301F-11D3-BF4B-00C04F79EFBC}") = "FileStuff", "FileStuff\FileStuff.csproj", "{557B4120-5FD4-42D0-BE68-D1C647F6978F}"
EndProject
Project("{FAE04EC0-301F-11D3-BF4B-00C04F79EFBC}") = "GDI", "GDI\GDI.csproj", "{5E933EF0-74AF-4F4F-9AF1-5E49D3A9D2E4}"
EndProject
Project("{2150E333-8FDC-42A3-9474-1A3956D46DE8}") = "Benchmark", "Benchmark", "{43FC83BA-5AAE-4E33-8325-613E524DD1E1}"
EndProject
Project("{FAE04EC0-301F-11D3-BF4B-00C04F79EFBC}") = "SpeedTest", "..\Benchmark\SpeedTest\SpeedTest.csproj", "{9B69B576-A994-48A1-AD68-E20915661A31}"
EndProject
Project("{FAE04EC0-301F-11D3-BF4B-00C04F79EFBC}") = "Geometry", "Geometry\Geometry.csproj", "{90E8DAE0-E1D6-4660-B91E-E18DB8F22A16}"
EndProject
Global
	GlobalSection(SolutionConfigurationPlatforms) = preSolution
		Debug|Any CPU = Debug|Any CPU
		Debug|x64 = Debug|x64
		Release|Any CPU = Release|Any CPU
		Release|x64 = Release|x64
	EndGlobalSection
	GlobalSection(ProjectConfigurationPlatforms) = postSolution
		{1B57B009-C8B9-47F0-A64A-D3B1670B7DB2}.Debug|Any CPU.ActiveCfg = Debug|Any CPU
		{1B57B009-C8B9-47F0-A64A-D3B1670B7DB2}.Debug|Any CPU.Build.0 = Debug|Any CPU
		{1B57B009-C8B9-47F0-A64A-D3B1670B7DB2}.Debug|x64.ActiveCfg = Debug|Any CPU
		{1B57B009-C8B9-47F0-A64A-D3B1670B7DB2}.Release|Any CPU.ActiveCfg = Release|Any CPU
		{1B57B009-C8B9-47F0-A64A-D3B1670B7DB2}.Release|Any CPU.Build.0 = Release|Any CPU
		{1B57B009-C8B9-47F0-A64A-D3B1670B7DB2}.Release|x64.ActiveCfg = Release|Any CPU
		{1030A05B-65BB-4B81-B1C3-877537442E2C}.Debug|Any CPU.ActiveCfg = Debug|Any CPU
		{1030A05B-65BB-4B81-B1C3-877537442E2C}.Debug|Any CPU.Build.0 = Debug|Any CPU
		{1030A05B-65BB-4B81-B1C3-877537442E2C}.Debug|x64.ActiveCfg = Debug|Any CPU
		{1030A05B-65BB-4B81-B1C3-877537442E2C}.Release|Any CPU.ActiveCfg = Release|Any CPU
		{1030A05B-65BB-4B81-B1C3-877537442E2C}.Release|Any CPU.Build.0 = Release|Any CPU
		{1030A05B-65BB-4B81-B1C3-877537442E2C}.Release|x64.ActiveCfg = Release|Any CPU
		{4516AABF-1F51-4ACF-B573-1EA34472CC09}.Debug|Any CPU.ActiveCfg = Debug|Any CPU
		{4516AABF-1F51-4ACF-B573-1EA34472CC09}.Debug|Any CPU.Build.0 = Debug|Any CPU
		{4516AABF-1F51-4ACF-B573-1EA34472CC09}.Debug|x64.ActiveCfg = Debug|Any CPU
		{4516AABF-1F51-4ACF-B573-1EA34472CC09}.Release|Any CPU.ActiveCfg = Release|Any CPU
		{4516AABF-1F51-4ACF-B573-1EA34472CC09}.Release|Any CPU.Build.0 = Release|Any CPU
		{4516AABF-1F51-4ACF-B573-1EA34472CC09}.Release|x64.ActiveCfg = Release|Any CPU
		{14070967-45B9-4A8C-AD76-3585A8CB6487}.Debug|Any CPU.ActiveCfg = Debug|Any CPU
		{14070967-45B9-4A8C-AD76-3585A8CB6487}.Debug|Any CPU.Build.0 = Debug|Any CPU
		{14070967-45B9-4A8C-AD76-3585A8CB6487}.Debug|x64.ActiveCfg = Debug|Any CPU
		{14070967-45B9-4A8C-AD76-3585A8CB6487}.Release|Any CPU.ActiveCfg = Release|Any CPU
		{14070967-45B9-4A8C-AD76-3585A8CB6487}.Release|Any CPU.Build.0 = Release|Any CPU
		{14070967-45B9-4A8C-AD76-3585A8CB6487}.Release|x64.ActiveCfg = Release|Any CPU
		{3CF3B8BA-EB14-439F-9E60-3FC6F20A3005}.Debug|Any CPU.ActiveCfg = Debug|Any CPU
		{3CF3B8BA-EB14-439F-9E60-3FC6F20A3005}.Debug|Any CPU.Build.0 = Debug|Any CPU
		{3CF3B8BA-EB14-439F-9E60-3FC6F20A3005}.Debug|x64.ActiveCfg = Debug|Any CPU
		{3CF3B8BA-EB14-439F-9E60-3FC6F20A3005}.Release|Any CPU.ActiveCfg = Release|Any CPU
		{3CF3B8BA-EB14-439F-9E60-3FC6F20A3005}.Release|Any CPU.Build.0 = Release|Any CPU
		{3CF3B8BA-EB14-439F-9E60-3FC6F20A3005}.Release|x64.ActiveCfg = Release|Any CPU
		{557B4120-5FD4-42D0-BE68-D1C647F6978F}.Debug|Any CPU.ActiveCfg = Debug|Any CPU
		{557B4120-5FD4-42D0-BE68-D1C647F6978F}.Debug|Any CPU.Build.0 = Debug|Any CPU
		{557B4120-5FD4-42D0-BE68-D1C647F6978F}.Debug|x64.ActiveCfg = Debug|Any CPU
		{557B4120-5FD4-42D0-BE68-D1C647F6978F}.Release|Any CPU.ActiveCfg = Release|Any CPU
		{557B4120-5FD4-42D0-BE68-D1C647F6978F}.Release|Any CPU.Build.0 = Release|Any CPU
		{557B4120-5FD4-42D0-BE68-D1C647F6978F}.Release|x64.ActiveCfg = Release|Any CPU
		{5E933EF0-74AF-4F4F-9AF1-5E49D3A9D2E4}.Debug|Any CPU.ActiveCfg = Debug|Any CPU
		{5E933EF0-74AF-4F4F-9AF1-5E49D3A9D2E4}.Debug|Any CPU.Build.0 = Debug|Any CPU
		{5E933EF0-74AF-4F4F-9AF1-5E49D3A9D2E4}.Debug|x64.ActiveCfg = Debug|Any CPU
		{5E933EF0-74AF-4F4F-9AF1-5E49D3A9D2E4}.Release|Any CPU.ActiveCfg = Release|Any CPU
		{5E933EF0-74AF-4F4F-9AF1-5E49D3A9D2E4}.Release|Any CPU.Build.0 = Release|Any CPU
		{5E933EF0-74AF-4F4F-9AF1-5E49D3A9D2E4}.Release|x64.ActiveCfg = Release|Any CPU
		{9B69B576-A994-48A1-AD68-E20915661A31}.Debug|Any CPU.ActiveCfg = Debug|Any CPU
		{9B69B576-A994-48A1-AD68-E20915661A31}.Debug|Any CPU.Build.0 = Debug|Any CPU
		{9B69B576-A994-48A1-AD68-E20915661A31}.Debug|x64.ActiveCfg = Debug|Any CPU
		{9B69B576-A994-48A1-AD68-E20915661A31}.Release|Any CPU.ActiveCfg = Release|Any CPU
		{9B69B576-A994-48A1-AD68-E20915661A31}.Release|Any CPU.Build.0 = Release|Any CPU
		{9B69B576-A994-48A1-AD68-E20915661A31}.Release|x64.ActiveCfg = Release|Any CPU
		{90E8DAE0-E1D6-4660-B91E-E18DB8F22A16}.Debug|Any CPU.ActiveCfg = Debug|Any CPU
		{90E8DAE0-E1D6-4660-B91E-E18DB8F22A16}.Debug|Any CPU.Build.0 = Debug|Any CPU
		{90E8DAE0-E1D6-4660-B91E-E18DB8F22A16}.Debug|x64.ActiveCfg = Debug|Any CPU
		{90E8DAE0-E1D6-4660-B91E-E18DB8F22A16}.Release|Any CPU.ActiveCfg = Release|Any CPU
		{90E8DAE0-E1D6-4660-B91E-E18DB8F22A16}.Release|Any CPU.Build.0 = Release|Any CPU
		{90E8DAE0-E1D6-4660-B91E-E18DB8F22A16}.Release|x64.ActiveCfg = Release|Any CPU
	EndGlobalSection
	GlobalSection(SolutionProperties) = preSolution
		HideSolutionNode = FALSE
	EndGlobalSection
	GlobalSection(NestedProjects) = preSolution
		{3CF3B8BA-EB14-439F-9E60-3FC6F20A3005} = {497352CC-C723-4C61-8FD8-334DD58B1531}
		{1B57B009-C8B9-47F0-A64A-D3B1670B7DB2} = {F7FE7226-C8B9-4C99-A854-8C0CA40F8270}
		{1030A05B-65BB-4B81-B1C3-877537442E2C} = {F7FE7226-C8B9-4C99-A854-8C0CA40F8270}
		{4516AABF-1F51-4ACF-B573-1EA34472CC09} = {F7FE7226-C8B9-4C99-A854-8C0CA40F8270}
		{14070967-45B9-4A8C-AD76-3585A8CB6487} = {F7FE7226-C8B9-4C99-A854-8C0CA40F8270}
		{9B69B576-A994-48A1-AD68-E20915661A31} = {43FC83BA-5AAE-4E33-8325-613E524DD1E1}
	EndGlobalSection
EndGlobal
